
Microsoft Visual Studio Solution File, Format Version 12.00
# Visual Studio Version 17
VisualStudioVersion = 17.0.32112.339
MinimumVisualStudioVersion = 10.0.40219.1
Project("{9A19103F-16F7-4668-BE54-9A1E7A4F7556}") = "ALPHA-DGS", "ALPHA-DGS\ALPHA-DGS.csproj", "{B93A7695-6556-49FF-9985-84D73155169C}"
EndProject
Project("{FAE04EC0-301F-11D3-BF4B-00C04F79EFBC}") = "DAL", "DAL\DAL.csproj", "{1F60CD98-FDE7-4869-A404-871F61727177}"
EndProject
Global
	GlobalSection(SolutionConfigurationPlatforms) = preSolution
		Debug|Any CPU = Debug|Any CPU
		Release|Any CPU = Release|Any CPU
	EndGlobalSection
	GlobalSection(ProjectConfigurationPlatforms) = postSolution
		{B93A7695-6556-49FF-9985-84D73155169C}.Debug|Any CPU.ActiveCfg = Debug|Any CPU
		{B93A7695-6556-49FF-9985-84D73155169C}.Debug|Any CPU.Build.0 = Debug|Any CPU
		{B93A7695-6556-49FF-9985-84D73155169C}.Release|Any CPU.ActiveCfg = Release|Any CPU
		{B93A7695-6556-49FF-9985-84D73155169C}.Release|Any CPU.Build.0 = Release|Any CPU
		{1F60CD98-FDE7-4869-A404-871F61727177}.Debug|Any CPU.ActiveCfg = Debug|Any CPU
		{1F60CD98-FDE7-4869-A404-871F61727177}.Debug|Any CPU.Build.0 = Debug|Any CPU
		{1F60CD98-FDE7-4869-A404-871F61727177}.Release|Any CPU.ActiveCfg = Release|Any CPU
		{1F60CD98-FDE7-4869-A404-871F61727177}.Release|Any CPU.Build.0 = Release|Any CPU
	EndGlobalSection
	GlobalSection(SolutionProperties) = preSolution
		HideSolutionNode = FALSE
	EndGlobalSection
	GlobalSection(ExtensibilityGlobals) = postSolution
		SolutionGuid = {0C88FB60-5AC9-41FF-92E7-3AD6DDC298E1}
	EndGlobalSection
EndGlobal
